
Microsoft Visual Studio Solution File, Format Version 12.00
# Visual Studio Version 16
VisualStudioVersion = 16.0.29424.173
MinimumVisualStudioVersion = 10.0.40219.1
Project("{FAE04EC0-301F-11D3-BF4B-00C04F79EFBC}") = "dockertraining_Abel_Vallejo", "dockertraining_Abel_Vallejo\dockertraining_Abel_Vallejo.csproj", "{CBFC721B-104D-45E8-AB54-B61AD9A4D6B1}"
EndProject
Global
	GlobalSection(SolutionConfigurationPlatforms) = preSolution
		Debug|Any CPU = Debug|Any CPU
		Release|Any CPU = Release|Any CPU
	EndGlobalSection
	GlobalSection(ProjectConfigurationPlatforms) = postSolution
		{CBFC721B-104D-45E8-AB54-B61AD9A4D6B1}.Debug|Any CPU.ActiveCfg = Debug|Any CPU
		{CBFC721B-104D-45E8-AB54-B61AD9A4D6B1}.Debug|Any CPU.Build.0 = Debug|Any CPU
		{CBFC721B-104D-45E8-AB54-B61AD9A4D6B1}.Release|Any CPU.ActiveCfg = Release|Any CPU
		{CBFC721B-104D-45E8-AB54-B61AD9A4D6B1}.Release|Any CPU.Build.0 = Release|Any CPU
	EndGlobalSection
	GlobalSection(SolutionProperties) = preSolution
		HideSolutionNode = FALSE
	EndGlobalSection
	GlobalSection(ExtensibilityGlobals) = postSolution
		SolutionGuid = {6BD18E67-1159-424F-9D6D-9C28011E15C3}
	EndGlobalSection
EndGlobal
